
Microsoft Visual Studio Solution File, Format Version 12.00
# Visual Studio Version 17
VisualStudioVersion = 17.12.35707.178 d17.12
MinimumVisualStudioVersion = 10.0.40219.1
Project("{FAE04EC0-301F-11D3-BF4B-00C04F79EFBC}") = "HelloWorldGitDemo", "HelloWorldGitDemo\HelloWorldGitDemo.csproj", "{EB70D4FA-E1C8-432A-A3E8-7EA26DBAEE64}"
EndProject
Global
	GlobalSection(SolutionConfigurationPlatforms) = preSolution
		Debug|Any CPU = Debug|Any CPU
		Release|Any CPU = Release|Any CPU
	EndGlobalSection
	GlobalSection(ProjectConfigurationPlatforms) = postSolution
		{EB70D4FA-E1C8-432A-A3E8-7EA26DBAEE64}.Debug|Any CPU.ActiveCfg = Debug|Any CPU
		{EB70D4FA-E1C8-432A-A3E8-7EA26DBAEE64}.Debug|Any CPU.Build.0 = Debug|Any CPU
		{EB70D4FA-E1C8-432A-A3E8-7EA26DBAEE64}.Release|Any CPU.ActiveCfg = Release|Any CPU
		{EB70D4FA-E1C8-432A-A3E8-7EA26DBAEE64}.Release|Any CPU.Build.0 = Release|Any CPU
	EndGlobalSection
	GlobalSection(SolutionProperties) = preSolution
		HideSolutionNode = FALSE
	EndGlobalSection
EndGlobal
